
Microsoft Visual Studio Solution File, Format Version 12.00
# Visual Studio Version 17
VisualStudioVersion = 17.7.34024.191
MinimumVisualStudioVersion = 10.0.40219.1
Project("{9A19103F-16F7-4668-BE54-9A1E7A4F7556}") = "TestProject", "TestProject\TestProject.csproj", "{403C8C71-CC84-45E4-B88E-5372377A9953}"
EndProject
Global
	GlobalSection(SolutionConfigurationPlatforms) = preSolution
		Debug|Any CPU = Debug|Any CPU
		Release|Any CPU = Release|Any CPU
	EndGlobalSection
	GlobalSection(ProjectConfigurationPlatforms) = postSolution
		{403C8C71-CC84-45E4-B88E-5372377A9953}.Debug|Any CPU.ActiveCfg = Debug|Any CPU
		{403C8C71-CC84-45E4-B88E-5372377A9953}.Debug|Any CPU.Build.0 = Debug|Any CPU
		{403C8C71-CC84-45E4-B88E-5372377A9953}.Release|Any CPU.ActiveCfg = Release|Any CPU
		{403C8C71-CC84-45E4-B88E-5372377A9953}.Release|Any CPU.Build.0 = Release|Any CPU
	EndGlobalSection
	GlobalSection(SolutionProperties) = preSolution
		HideSolutionNode = FALSE
	EndGlobalSection
	GlobalSection(ExtensibilityGlobals) = postSolution
		SolutionGuid = {338EA342-E97A-4EEC-A5A0-21F2190204F1}
	EndGlobalSection
EndGlobal
